{
  "nodes": {
    "devenv": {
      "locked": {
        "dir": "src/modules",
        "lastModified": 1783109842,
        "narHash": "sha256-Fi7lW+sg1ChduOOQRBCK5JeA1cw4x5wSjIJcppRGGqQ=",
        "owner": "cachix",
        "repo": "devenv",
        "rev": "e30eb49258bee68353bd9c619823f635f4afa86c",
        "type": "github"
      },
      "original": {
        "dir": "src/modules",
        "owner": "cachix",
        "repo": "devenv",
        "type": "github"
      }
    },
    "nixpkgs": {
      "locked": {
        "lastModified": 1782999065,
        "narHash": "sha256-5Dgj5+pIQYZKrXUGaLCk7CKfN3MmpwIhO94++WVxvng=",
        "owner": "NixOS",
        "repo": "nixpkgs",
        "rev": "80d591ed473cfc46329932c2aadac9b435342c7c",
        "type": "github"
      },
      "original": {
        "owner": "NixOS",
        "ref": "nixos-26.05",
        "repo": "nixpkgs",
        "type": "github"
      }
    },
    "root": {
      "inputs": {
        "devenv": "devenv",
        "nixpkgs": "nixpkgs"
      }
    }
  },
  "root": "root",
  "version": 7
}